
Microsoft Visual Studio Solution File, Format Version 12.00
# Visual Studio 15
Project("{FAE04EC0-301F-11D3-BF4B-00C04F79EFBC}") = "StarwarsStuff.Ui", "StarwarsStuff.Ui.csproj", "{2526AFD7-D087-4133-A17B-38D35C01732E}"
EndProject
Global
	GlobalSection(SolutionConfigurationPlatforms) = preSolution
		Debug|Any CPU = Debug|Any CPU
		Release|Any CPU = Release|Any CPU
	EndGlobalSection
	GlobalSection(ProjectConfigurationPlatforms) = postSolution
		{2526AFD7-D087-4133-A17B-38D35C01732E}.Debug|Any CPU.ActiveCfg = Debug|Any CPU
		{2526AFD7-D087-4133-A17B-38D35C01732E}.Debug|Any CPU.Build.0 = Debug|Any CPU
		{2526AFD7-D087-4133-A17B-38D35C01732E}.Release|Any CPU.ActiveCfg = Release|Any CPU
		{2526AFD7-D087-4133-A17B-38D35C01732E}.Release|Any CPU.Build.0 = Release|Any CPU
	EndGlobalSection
EndGlobal
