
Microsoft Visual Studio Solution File, Format Version 12.00
# Visual Studio Version 16
VisualStudioVersion = 16.0.808.0
MinimumVisualStudioVersion = 10.0.40219.1
Project("{FAE04EC0-301F-11D3-BF4B-00C04F79EFBC}") = "StarwarsStuff.Ui", "StarwarsStuff.Ui\StarwarsStuff.Ui.csproj", "{D01F7881-7704-4F9E-96EA-4016981A5981}"
EndProject
Project("{FAE04EC0-301F-11D3-BF4B-00C04F79EFBC}") = "StarwarsStuff.Con", "StarwarsStuff.Con\StarwarsStuff.Con.csproj", "{BD54281F-6AA6-4981-9396-388E80D7FDE5}"
EndProject
Project("{FAE04EC0-301F-11D3-BF4B-00C04F79EFBC}") = "StarwarsStuff.Api", "StarwarsStuff.Api\StarwarsStuff.Api.csproj", "{A516CC4D-8319-4756-8F8A-71059C0CBD40}"
EndProject
Global
	GlobalSection(SolutionConfigurationPlatforms) = preSolution
		Debug|Any CPU = Debug|Any CPU
		Release|Any CPU = Release|Any CPU
	EndGlobalSection
	GlobalSection(ProjectConfigurationPlatforms) = postSolution
		{D01F7881-7704-4F9E-96EA-4016981A5981}.Debug|Any CPU.ActiveCfg = Debug|Any CPU
		{D01F7881-7704-4F9E-96EA-4016981A5981}.Debug|Any CPU.Build.0 = Debug|Any CPU
		{D01F7881-7704-4F9E-96EA-4016981A5981}.Release|Any CPU.ActiveCfg = Release|Any CPU
		{D01F7881-7704-4F9E-96EA-4016981A5981}.Release|Any CPU.Build.0 = Release|Any CPU
		{BD54281F-6AA6-4981-9396-388E80D7FDE5}.Debug|Any CPU.ActiveCfg = Debug|Any CPU
		{BD54281F-6AA6-4981-9396-388E80D7FDE5}.Debug|Any CPU.Build.0 = Debug|Any CPU
		{BD54281F-6AA6-4981-9396-388E80D7FDE5}.Release|Any CPU.ActiveCfg = Release|Any CPU
		{BD54281F-6AA6-4981-9396-388E80D7FDE5}.Release|Any CPU.Build.0 = Release|Any CPU
		{A516CC4D-8319-4756-8F8A-71059C0CBD40}.Debug|Any CPU.ActiveCfg = Debug|Any CPU
		{A516CC4D-8319-4756-8F8A-71059C0CBD40}.Debug|Any CPU.Build.0 = Debug|Any CPU
		{A516CC4D-8319-4756-8F8A-71059C0CBD40}.Release|Any CPU.ActiveCfg = Release|Any CPU
		{A516CC4D-8319-4756-8F8A-71059C0CBD40}.Release|Any CPU.Build.0 = Release|Any CPU
	EndGlobalSection
	GlobalSection(SolutionProperties) = preSolution
		HideSolutionNode = FALSE
	EndGlobalSection
	GlobalSection(ExtensibilityGlobals) = postSolution
		SolutionGuid = {CC5525D1-AA75-46EF-8FE8-6F73923FFEE4}
	EndGlobalSection
EndGlobal
