
Microsoft Visual Studio Solution File, Format Version 12.00
# Visual Studio Version 16
VisualStudioVersion = 16.0.808.1
MinimumVisualStudioVersion = 10.0.40219.1
Project("{FAE04EC0-301F-11D3-BF4B-00C04F79EFBC}") = "StarwarsStuff.Con", "StarwarsStuff.Con\StarwarsStuff.Con.csproj", "{B4E47BFB-D557-4198-8217-49DF9DF8B680}"
EndProject
Project("{FAE04EC0-301F-11D3-BF4B-00C04F79EFBC}") = "StarwarsStuff.Ui", "StarwarsStuff.Ui\StarwarsStuff.Ui.csproj", "{3B01506F-2019-46B2-9BB1-063BBE16F1F8}"
EndProject
Project("{FAE04EC0-301F-11D3-BF4B-00C04F79EFBC}") = "StarwarsStuff.Ui.Tests", "StarwarsStuff.Ui.Tests\StarwarsStuff.Ui.Tests.csproj", "{91BC8DD4-02FA-42B8-9F45-F2DAA53A72CA}"
EndProject
Project("{FAE04EC0-301F-11D3-BF4B-00C04F79EFBC}") = "StarwarsStuff.Api", "StarwarsStuff.Api\StarwarsStuff.Api.csproj", "{FBD16B59-CCE5-443E-97B8-6D30B2CE1480}"
EndProject
Global
	GlobalSection(SolutionConfigurationPlatforms) = preSolution
		Debug|Any CPU = Debug|Any CPU
		Release|Any CPU = Release|Any CPU
	EndGlobalSection
	GlobalSection(ProjectConfigurationPlatforms) = postSolution
		{B4E47BFB-D557-4198-8217-49DF9DF8B680}.Debug|Any CPU.ActiveCfg = Debug|Any CPU
		{B4E47BFB-D557-4198-8217-49DF9DF8B680}.Debug|Any CPU.Build.0 = Debug|Any CPU
		{B4E47BFB-D557-4198-8217-49DF9DF8B680}.Release|Any CPU.ActiveCfg = Release|Any CPU
		{B4E47BFB-D557-4198-8217-49DF9DF8B680}.Release|Any CPU.Build.0 = Release|Any CPU
		{3B01506F-2019-46B2-9BB1-063BBE16F1F8}.Debug|Any CPU.ActiveCfg = Debug|Any CPU
		{3B01506F-2019-46B2-9BB1-063BBE16F1F8}.Debug|Any CPU.Build.0 = Debug|Any CPU
		{3B01506F-2019-46B2-9BB1-063BBE16F1F8}.Release|Any CPU.ActiveCfg = Release|Any CPU
		{3B01506F-2019-46B2-9BB1-063BBE16F1F8}.Release|Any CPU.Build.0 = Release|Any CPU
		{91BC8DD4-02FA-42B8-9F45-F2DAA53A72CA}.Debug|Any CPU.ActiveCfg = Debug|Any CPU
		{91BC8DD4-02FA-42B8-9F45-F2DAA53A72CA}.Debug|Any CPU.Build.0 = Debug|Any CPU
		{91BC8DD4-02FA-42B8-9F45-F2DAA53A72CA}.Release|Any CPU.ActiveCfg = Release|Any CPU
		{91BC8DD4-02FA-42B8-9F45-F2DAA53A72CA}.Release|Any CPU.Build.0 = Release|Any CPU
		{FBD16B59-CCE5-443E-97B8-6D30B2CE1480}.Debug|Any CPU.ActiveCfg = Debug|Any CPU
		{FBD16B59-CCE5-443E-97B8-6D30B2CE1480}.Debug|Any CPU.Build.0 = Debug|Any CPU
		{FBD16B59-CCE5-443E-97B8-6D30B2CE1480}.Release|Any CPU.ActiveCfg = Release|Any CPU
		{FBD16B59-CCE5-443E-97B8-6D30B2CE1480}.Release|Any CPU.Build.0 = Release|Any CPU
	EndGlobalSection
	GlobalSection(SolutionProperties) = preSolution
		HideSolutionNode = FALSE
	EndGlobalSection
	GlobalSection(ExtensibilityGlobals) = postSolution
		SolutionGuid = {DF5D12FD-C75A-4DE8-BA1B-0E2B8DAE9EE9}
	EndGlobalSection
EndGlobal
